// !$*UTF8*$!
{
	archiveVersion = 1;
	classes = {
	};
	objectVersion = 48;
	objects = {

/* Begin PBXBuildFile section */
		27F6EA5A1FC36230001EC53C /* main.cpp in Sources */ = {isa = PBXBuildFile; fileRef = 27F6EA591FC36230001EC53C /* main.cpp */; };
		27F6EA661FC37E4B001EC53C /* Dice.cpp in Sources */ = {isa = PBXBuildFile; fileRef = 27F6EA651FC37E4B001EC53C /* Dice.cpp */; };
		27F6EA691FC4A31F001EC53C /* RollOfDice.cpp in Sources */ = {isa = PBXBuildFile; fileRef = 27F6EA671FC4A31F001EC53C /* RollOfDice.cpp */; };
		27F7278F1FC75F290076F53E /* QwintoRow.cpp in Sources */ = {isa = PBXBuildFile; fileRef = 27F7278E1FC75F290076F53E /* QwintoRow.cpp */; };
		27F727921FCBA2000076F53E /* ScoreSheet.cpp in Sources */ = {isa = PBXBuildFile; fileRef = 27F727911FCBA2000076F53E /* ScoreSheet.cpp */; };
		27F727951FCBA9700076F53E /* QwintoScoreSheet.cpp in Sources */ = {isa = PBXBuildFile; fileRef = 27F727941FCBA9700076F53E /* QwintoScoreSheet.cpp */; };
/* End PBXBuildFile section */

/* Begin PBXCopyFilesBuildPhase section */
		27F6EA541FC36230001EC53C /* CopyFiles */ = {
			isa = PBXCopyFilesBuildPhase;
			buildActionMask = 2147483647;
			dstPath = /usr/share/man/man1/;
			dstSubfolderSpec = 0;
			files = (
			);
			runOnlyForDeploymentPostprocessing = 1;
		};
/* End PBXCopyFilesBuildPhase section */

/* Begin PBXFileReference section */
		27F6EA561FC36230001EC53C /* DiceGame */ = {isa = PBXFileReference; explicitFileType = "compiled.mach-o.executable"; includeInIndex = 0; path = DiceGame; sourceTree = BUILT_PRODUCTS_DIR; };
		27F6EA591FC36230001EC53C /* main.cpp */ = {isa = PBXFileReference; lastKnownFileType = sourcecode.cpp.cpp; path = main.cpp; sourceTree = "<group>"; };
		27F6EA601FC36291001EC53C /* Colour.h */ = {isa = PBXFileReference; lastKnownFileType = sourcecode.c.h; path = Colour.h; sourceTree = "<group>"; };
		27F6EA621FC36F16001EC53C /* Dice.h */ = {isa = PBXFileReference; lastKnownFileType = sourcecode.c.h; path = Dice.h; sourceTree = "<group>"; };
		27F6EA651FC37E4B001EC53C /* Dice.cpp */ = {isa = PBXFileReference; lastKnownFileType = sourcecode.cpp.cpp; path = Dice.cpp; sourceTree = "<group>"; };
		27F6EA671FC4A31F001EC53C /* RollOfDice.cpp */ = {isa = PBXFileReference; lastKnownFileType = sourcecode.cpp.cpp; path = RollOfDice.cpp; sourceTree = "<group>"; };
		27F6EA6A1FC4A33C001EC53C /* RollOfDice.h */ = {isa = PBXFileReference; lastKnownFileType = sourcecode.c.h; path = RollOfDice.h; sourceTree = "<group>"; };
		27F7278D1FC74C6F0076F53E /* QwintoRow.h */ = {isa = PBXFileReference; lastKnownFileType = sourcecode.c.h; path = QwintoRow.h; sourceTree = "<group>"; };
		27F7278E1FC75F290076F53E /* QwintoRow.cpp */ = {isa = PBXFileReference; lastKnownFileType = sourcecode.cpp.cpp; path = QwintoRow.cpp; sourceTree = "<group>"; };
		27F727901FCA64600076F53E /* ScoreSheet.h */ = {isa = PBXFileReference; lastKnownFileType = sourcecode.c.h; path = ScoreSheet.h; sourceTree = "<group>"; };
		27F727911FCBA2000076F53E /* ScoreSheet.cpp */ = {isa = PBXFileReference; lastKnownFileType = sourcecode.cpp.cpp; path = ScoreSheet.cpp; sourceTree = "<group>"; };
		27F727931FCBA95F0076F53E /* QwintoSchoreSheet.h */ = {isa = PBXFileReference; lastKnownFileType = sourcecode.c.h; path = QwintoSchoreSheet.h; sourceTree = "<group>"; };
		27F727941FCBA9700076F53E /* QwintoScoreSheet.cpp */ = {isa = PBXFileReference; lastKnownFileType = sourcecode.cpp.cpp; path = QwintoScoreSheet.cpp; sourceTree = "<group>"; };
		27F727961FCBAA850076F53E /* Player.h */ = {isa = PBXFileReference; lastKnownFileType = sourcecode.c.h; path = Player.h; sourceTree = "<group>"; };
		27F727971FCBAB240076F53E /* QwintoPlayer.h */ = {isa = PBXFileReference; lastKnownFileType = sourcecode.c.h; path = QwintoPlayer.h; sourceTree = "<group>"; };
/* End PBXFileReference section */

/* Begin PBXFrameworksBuildPhase section */
		27F6EA531FC36230001EC53C /* Frameworks */ = {
			isa = PBXFrameworksBuildPhase;
			buildActionMask = 2147483647;
			files = (
			);
			runOnlyForDeploymentPostprocessing = 0;
		};
/* End PBXFrameworksBuildPhase section */

/* Begin PBXGroup section */
		27F6EA4D1FC36230001EC53C = {
			isa = PBXGroup;
			children = (
				27F6EA581FC36230001EC53C /* DiceGame */,
				27F6EA571FC36230001EC53C /* Products */,
			);
			sourceTree = "<group>";
		};
		27F6EA571FC36230001EC53C /* Products */ = {
			isa = PBXGroup;
			children = (
				27F6EA561FC36230001EC53C /* DiceGame */,
			);
			name = Products;
			sourceTree = "<group>";
		};
		27F6EA581FC36230001EC53C /* DiceGame */ = {
			isa = PBXGroup;
			children = (
				27F6EA591FC36230001EC53C /* main.cpp */,
				27F6EA601FC36291001EC53C /* Colour.h */,
				27F6EA621FC36F16001EC53C /* Dice.h */,
				27F6EA651FC37E4B001EC53C /* Dice.cpp */,
				27F6EA671FC4A31F001EC53C /* RollOfDice.cpp */,
				27F6EA6A1FC4A33C001EC53C /* RollOfDice.h */,
				27F7278D1FC74C6F0076F53E /* QwintoRow.h */,
				27F7278E1FC75F290076F53E /* QwintoRow.cpp */,
				27F727901FCA64600076F53E /* ScoreSheet.h */,
				27F727931FCBA95F0076F53E /* QwintoSchoreSheet.h */,
				27F727941FCBA9700076F53E /* QwintoScoreSheet.cpp */,
				27F727911FCBA2000076F53E /* ScoreSheet.cpp */,
				27F727961FCBAA850076F53E /* Player.h */,
				27F727971FCBAB240076F53E /* QwintoPlayer.h */,
			);
			path = DiceGame;
			sourceTree = "<group>";
		};
/* End PBXGroup section */

/* Begin PBXNativeTarget section */
		27F6EA551FC36230001EC53C /* DiceGame */ = {
			isa = PBXNativeTarget;
			buildConfigurationList = 27F6EA5D1FC36230001EC53C /* Build configuration list for PBXNativeTarget "DiceGame" */;
			buildPhases = (
				27F6EA521FC36230001EC53C /* Sources */,
				27F6EA531FC36230001EC53C /* Frameworks */,
				27F6EA541FC36230001EC53C /* CopyFiles */,
			);
			buildRules = (
			);
			dependencies = (
			);
			name = DiceGame;
			productName = DiceGame;
			productReference = 27F6EA561FC36230001EC53C /* DiceGame */;
			productType = "com.apple.product-type.tool";
		};
/* End PBXNativeTarget section */

/* Begin PBXProject section */
		27F6EA4E1FC36230001EC53C /* Project object */ = {
			isa = PBXProject;
			attributes = {
				LastUpgradeCheck = 0900;
				ORGANIZATIONNAME = Haider;
				TargetAttributes = {
					27F6EA551FC36230001EC53C = {
						CreatedOnToolsVersion = 9.0;
						ProvisioningStyle = Automatic;
					};
				};
			};
			buildConfigurationList = 27F6EA511FC36230001EC53C /* Build configuration list for PBXProject "DiceGame" */;
			compatibilityVersion = "Xcode 8.0";
			developmentRegion = en;
			hasScannedForEncodings = 0;
			knownRegions = (
				en,
			);
			mainGroup = 27F6EA4D1FC36230001EC53C;
			productRefGroup = 27F6EA571FC36230001EC53C /* Products */;
			projectDirPath = "";
			projectRoot = "";
			targets = (
				27F6EA551FC36230001EC53C /* DiceGame */,
			);
		};
/* End PBXProject section */

/* Begin PBXSourcesBuildPhase section */
		27F6EA521FC36230001EC53C /* Sources */ = {
			isa = PBXSourcesBuildPhase;
			buildActionMask = 2147483647;
			files = (
				27F727921FCBA2000076F53E /* ScoreSheet.cpp in Sources */,
				27F7278F1FC75F290076F53E /* QwintoRow.cpp in Sources */,
				27F727951FCBA9700076F53E /* QwintoScoreSheet.cpp in Sources */,
				27F6EA661FC37E4B001EC53C /* Dice.cpp in Sources */,
				27F6EA5A1FC36230001EC53C /* main.cpp in Sources */,
				27F6EA691FC4A31F001EC53C /* RollOfDice.cpp in Sources */,
			);
			runOnlyForDeploymentPostprocessing = 0;
		};
/* End PBXSourcesBuildPhase section */

/* Begin XCBuildConfiguration section */
		27F6EA5B1FC36230001EC53C /* Debug */ = {
			isa = XCBuildConfiguration;
			buildSettings = {
				ALWAYS_SEARCH_USER_PATHS = NO;
				CLANG_ANALYZER_NONNULL = YES;
				CLANG_ANALYZER_NUMBER_OBJECT_CONVERSION = YES_AGGRESSIVE;
				CLANG_CXX_LANGUAGE_STANDARD = "gnu++14";
				CLANG_CXX_LIBRARY = "libc++";
				CLANG_ENABLE_MODULES = YES;
				CLANG_ENABLE_OBJC_ARC = YES;
				CLANG_WARN_BLOCK_CAPTURE_AUTORELEASING = YES;
				CLANG_WARN_BOOL_CONVERSION = YES;
				CLANG_WARN_COMMA = YES;
				CLANG_WARN_CONSTANT_CONVERSION = YES;
				CLANG_WARN_DIRECT_OBJC_ISA_USAGE = YES_ERROR;
				CLANG_WARN_DOCUMENTATION_COMMENTS = YES;
				CLANG_WARN_EMPTY_BODY = YES;
				CLANG_WARN_ENUM_CONVERSION = YES;
				CLANG_WARN_INFINITE_RECURSION = YES;
				CLANG_WARN_INT_CONVERSION = YES;
				CLANG_WARN_NON_LITERAL_NULL_CONVERSION = YES;
				CLANG_WARN_OBJC_LITERAL_CONVERSION = YES;
				CLANG_WARN_OBJC_ROOT_CLASS = YES_ERROR;
				CLANG_WARN_RANGE_LOOP_ANALYSIS = YES;
				CLANG_WARN_STRICT_PROTOTYPES = YES;
				CLANG_WARN_SUSPICIOUS_MOVE = YES;
				CLANG_WARN_UNGUARDED_AVAILABILITY = YES_AGGRESSIVE;
				CLANG_WARN_UNREACHABLE_CODE = YES;
				CLANG_WARN__DUPLICATE_METHOD_MATCH = YES;
				CODE_SIGN_IDENTITY = "-";
				COPY_PHASE_STRIP = NO;
				DEBUG_INFORMATION_FORMAT = dwarf;
				ENABLE_STRICT_OBJC_MSGSEND = YES;
				ENABLE_TESTABILITY = YES;
				GCC_C_LANGUAGE_STANDARD = gnu11;
				GCC_DYNAMIC_NO_PIC = NO;
				GCC_NO_COMMON_BLOCKS = YES;
				GCC_OPTIMIZATION_LEVEL = 0;
				GCC_PREPROCESSOR_DEFINITIONS = (
					"DEBUG=1",
					"$(inherited)",
				);
				GCC_WARN_64_TO_32_BIT_CONVERSION = YES;
				GCC_WARN_ABOUT_RETURN_TYPE = YES_ERROR;
				GCC_WARN_UNDECLARED_SELECTOR = YES;
				GCC_WARN_UNINITIALIZED_AUTOS = YES_AGGRESSIVE;
				GCC_WARN_UNUSED_FUNCTION = YES;
				GCC_WARN_UNUSED_VARIABLE = YES;
				MACOSX_DEPLOYMENT_TARGET = 10.12;
				MTL_ENABLE_DEBUG_INFO = YES;
				ONLY_ACTIVE_ARCH = YES;
				SDKROOT = macosx;
			};
			name = Debug;
		};
		27F6EA5C1FC36230001EC53C /* Release */ = {
			isa = XCBuildConfiguration;
			buildSettings = {
				ALWAYS_SEARCH_USER_PATHS = NO;
				CLANG_ANALYZER_NONNULL = YES;
				CLANG_ANALYZER_NUMBER_OBJECT_CONVERSION = YES_AGGRESSIVE;
				CLANG_CXX_LANGUAGE_STANDARD = "gnu++14";
				CLANG_CXX_LIBRARY = "libc++";
				CLANG_ENABLE_MODULES = YES;
				CLANG_ENABLE_OBJC_ARC = YES;
				CLANG_WARN_BLOCK_CAPTURE_AUTORELEASING = YES;
				CLANG_WARN_BOOL_CONVERSION = YES;
				CLANG_WARN_COMMA = YES;
				CLANG_WARN_CONSTANT_CONVERSION = YES;
				CLANG_WARN_DIRECT_OBJC_ISA_USAGE = YES_ERROR;
				CLANG_WARN_DOCUMENTATION_COMMENTS = YES;
				CLANG_WARN_EMPTY_BODY = YES;
				CLANG_WARN_ENUM_CONVERSION = YES;
				CLANG_WARN_INFINITE_RECURSION = YES;
				CLANG_WARN_INT_CONVERSION = YES;
				CLANG_WARN_NON_LITERAL_NULL_CONVERSION = YES;
				CLANG_WARN_OBJC_LITERAL_CONVERSION = YES;
				CLANG_WARN_OBJC_ROOT_CLASS = YES_ERROR;
				CLANG_WARN_RANGE_LOOP_ANALYSIS = YES;
				CLANG_WARN_STRICT_PROTOTYPES = YES;
				CLANG_WARN_SUSPICIOUS_MOVE = YES;
				CLANG_WARN_UNGUARDED_AVAILABILITY = YES_AGGRESSIVE;
				CLANG_WARN_UNREACHABLE_CODE = YES;
				CLANG_WARN__DUPLICATE_METHOD_MATCH = YES;
				CODE_SIGN_IDENTITY = "-";
				COPY_PHASE_STRIP = NO;
				DEBUG_INFORMATION_FORMAT = "dwarf-with-dsym";
				ENABLE_NS_ASSERTIONS = NO;
				ENABLE_STRICT_OBJC_MSGSEND = YES;
				GCC_C_LANGUAGE_STANDARD = gnu11;
				GCC_NO_COMMON_BLOCKS = YES;
				GCC_WARN_64_TO_32_BIT_CONVERSION = YES;
				GCC_WARN_ABOUT_RETURN_TYPE = YES_ERROR;
				GCC_WARN_UNDECLARED_SELECTOR = YES;
				GCC_WARN_UNINITIALIZED_AUTOS = YES_AGGRESSIVE;
				GCC_WARN_UNUSED_FUNCTION = YES;
				GCC_WARN_UNUSED_VARIABLE = YES;
				MACOSX_DEPLOYMENT_TARGET = 10.12;
				MTL_ENABLE_DEBUG_INFO = NO;
				SDKROOT = macosx;
			};
			name = Release;
		};
		27F6EA5E1FC36230001EC53C /* Debug */ = {
			isa = XCBuildConfiguration;
			buildSettings = {
				CODE_SIGN_STYLE = Automatic;
				PRODUCT_NAME = "$(TARGET_NAME)";
			};
			name = Debug;
		};
		27F6EA5F1FC36230001EC53C /* Release */ = {
			isa = XCBuildConfiguration;
			buildSettings = {
				CODE_SIGN_STYLE = Automatic;
				PRODUCT_NAME = "$(TARGET_NAME)";
			};
			name = Release;
		};
/* End XCBuildConfiguration section */

/* Begin XCConfigurationList section */
		27F6EA511FC36230001EC53C /* Build configuration list for PBXProject "DiceGame" */ = {
			isa = XCConfigurationList;
			buildConfigurations = (
				27F6EA5B1FC36230001EC53C /* Debug */,
				27F6EA5C1FC36230001EC53C /* Release */,
			);
			defaultConfigurationIsVisible = 0;
			defaultConfigurationName = Release;
		};
		27F6EA5D1FC36230001EC53C /* Build configuration list for PBXNativeTarget "DiceGame" */ = {
			isa = XCConfigurationList;
			buildConfigurations = (
				27F6EA5E1FC36230001EC53C /* Debug */,
				27F6EA5F1FC36230001EC53C /* Release */,
			);
			defaultConfigurationIsVisible = 0;
			defaultConfigurationName = Release;
		};
/* End XCConfigurationList section */
	};
	rootObject = 27F6EA4E1FC36230001EC53C /* Project object */;
}
